{
  "name": "@syntropylog/frontend",
  "version": "0.1.0",
  "lockfileVersion": 3,
  "requires": true,
  "packages": {
    "": {
      "name": "@syntropylog/frontend",
      "version": "0.1.0",
      "license": "Apache-2.0",
      "dependencies": {
        "flatted": "^3.3.3",
        "zod": "^4.0.10"
      }
    },
    "node_modules/flatted": {
      "version": "3.3.3",
      "resolved": "https://registry.npmjs.org/flatted/-/flatted-3.3.3.tgz",
      "integrity": "sha512-GX+ysw4PBCz0PzosHDepZGANEuFCMLrnRTiEy9McGjmkCQYwRq4A/X786G/fjM/+OjsWSU1ZrY5qyARZmO/uwg==",
      "license": "ISC"
    },
    "node_modules/zod": {
      "version": "4.0.10",
      "resolved": "https://registry.npmjs.org/zod/-/zod-4.0.10.tgz",
      "integrity": "sha512-3vB+UU3/VmLL2lvwcY/4RV2i9z/YU0DTV/tDuYjrwmx5WeJ7hwy+rGEEx8glHp6Yxw7ibRbKSaIFBgReRPe5KA==",
      "license": "MIT",
      "funding": {
        "url": "https://github.com/sponsors/colinhacks"
      }
    }
  }
}
